{
  "name": "sandbox",
  "lockfileVersion": 3,
  "requires": true,
  "packages": {
    "": {
      "dependencies": {
        "crush": "^0.2.1"
      }
    },
    "node_modules/bl": {
      "version": "0.7.0",
      "resolved": "https://registry.npmjs.org/bl/-/bl-0.7.0.tgz",
      "integrity": "sha512-r0xvhvr9uH9VZ4s7lL/NNk/AJzTbSnC1V8LTAU/0Mrsb6brr3BcjIyothOdQUt2yJ+BBCkkwMCZaUHLTWM+IbA==",
      "license": "MIT",
      "dependencies": {
        "readable-stream": "~1.0.2"
      },
      "peerDependencies": {
        "stream-browserify": "*"
      }
    },
    "node_modules/bl/node_modules/isarray": {
      "version": "0.0.1",
      "resolved": "https://registry.npmjs.org/isarray/-/isarray-0.0.1.tgz",
      "integrity": "sha512-D2S+3GLxWH+uhrNEcoh/fnmYeP8E8/zHl644d/jdA0g2uyXvy3sb0qxotE+ne0LtccHknQzWwZEzhak7oJ0COQ==",
      "license": "MIT"
    },
    "node_modules/bl/node_modules/readable-stream": {
      "version": "1.0.34",
      "resolved": "https://registry.npmjs.org/readable-stream/-/readable-stream-1.0.34.tgz",
      "integrity": "sha512-ok1qVCJuRkNmvebYikljxJA/UEsKwLl2nI1OmaqAu4/UE+h0wKCHok4XkL/gvi39OacXvw59RJUOFUkDib2rHg==",
      "license": "MIT",
      "dependencies": {
        "core-util-is": "~1.0.0",
        "inherits": "~2.0.1",
        "isarray": "0.0.1",
        "string_decoder": "~0.10.x"
      }
    },
    "node_modules/bl/node_modules/string_decoder": {
      "version": "0.10.31",
      "resolved": "https://registry.npmjs.org/string_decoder/-/string_decoder-0.10.31.tgz",
      "integrity": "sha512-ev2QzSzWPYmy9GuqfIVildA4OdcGLeFZQrq5ys6RtiuF+RQQiZWr8TZNyAcuVXyQRYfEO+MsoB/1BuQVhOJuoQ==",
      "license": "MIT"
    },
    "node_modules/buffer-from": {
      "version": "1.1.2",
      "resolved": "https://registry.npmjs.org/buffer-from/-/buffer-from-1.1.2.tgz",
      "integrity": "sha512-E+XQCRwSbaaiChtv6k6Dwgc+bx+Bs6vuKJHHl5kox/BaKbhiXzqQOwK4cO22yElGp2OCmjwVhT3HmxgyPGnJfQ==",
      "license": "MIT"
    },
    "node_modules/concat-stream": {
      "version": "1.6.2",
      "resolved": "https://registry.npmjs.org/concat-stream/-/concat-stream-1.6.2.tgz",
      "integrity": "sha512-27HBghJxjiZtIk3Ycvn/4kbJk/1uZuJFfuPEns6LaEvpvG1f0hTea8lilrouyo9mVc2GWdcEZ8OLoGmSADlrCw==",
      "engines": [
        "node >= 0.8"
      ],
      "license": "MIT",
      "dependencies": {
        "buffer-from": "^1.0.0",
        "inherits": "^2.0.3",
        "readable-stream": "^2.2.2",
        "typedarray": "^0.0.6"
      }
    },
    "node_modules/core-util-is": {
      "version": "1.0.3",
      "resolved": "https://registry.npmjs.org/core-util-is/-/core-util-is-1.0.3.tgz",
      "integrity": "sha512-ZQBvi1DcpJ4GDqanjucZ2Hj3wEO5pZDS89BWbkcrvdxksJorwUDDZamX9ldFkp9aw2lmBDLgkObEA4DWNJ9FYQ==",
      "license": "MIT"
    },
    "node_modules/crush": {
      "version": "0.2.1",
      "resolved": "https://registry.npmjs.org/crush/-/crush-0.2.1.tgz",
      "integrity": "sha512-1CtOZaq60a+R1HImJZczq6sJY5pc3856xI+YBwJ7Sizl8lR6Tdqexj/sbWBRDBrcpNaC+LQOrrrK8mJyvDj17w==",
      "license": "MIT",
      "dependencies": {
        "mediacrush": "^0.1.0",
        "minimist": "^1.1.0"
      },
      "bin": {
        "crush": "bin/cmd.js"
      }
    },
    "node_modules/duplexer": {
      "version": "0.1.2",
      "resolved": "https://registry.npmjs.org/duplexer/-/duplexer-0.1.2.tgz",
      "integrity": "sha512-jtD6YG370ZCIi/9GTaJKQxWTZD045+4R4hTk/x1UyoqadyJ9x9CgSi1RlVDQF8U2sxLLSnFkCaMihqljHIWgMg==",
      "license": "MIT"
    },
    "node_modules/hyperquest": {
      "version": "0.3.0",
      "resolved": "https://registry.npmjs.org/hyperquest/-/hyperquest-0.3.0.tgz",
      "integrity": "sha512-62fvFWmgg3z34+BTjXf5NArxWNpLEUSKztmxmXjEdlt/oe7C5S4+6ubcYdPOJB6rclKLZtsWUjFVbUh3iAkTjQ==",
      "license": "MIT",
      "dependencies": {
        "duplexer": "~0.1.0",
        "through": "~2.2.0"
      }
    },
    "node_modules/inherits": {
      "version": "2.0.4",
      "resolved": "https://registry.npmjs.org/inherits/-/inherits-2.0.4.tgz",
      "integrity": "sha512-k/vGaX4/Yla3WzyMCvTQOXYeIHvqOKtnqBduzTHpzpQZzAskKMhZ2K+EnBiSM9zGSoIFeMpXKxa4dYeZIQqewQ==",
      "license": "ISC"
    },
    "node_modules/isarray": {
      "version": "1.0.0",
      "resolved": "https://registry.npmjs.org/isarray/-/isarray-1.0.0.tgz",
      "integrity": "sha512-VLghIWNM6ELQzo7zwmcg0NmTVyWKYjvIeM83yjp0wRDTmUnrM678fQbcKBo6n2CJEF0szoG//ytg+TKla89ALQ==",
      "license": "MIT"
    },
    "node_modules/json-stringify-safe": {
      "version": "5.0.1",
      "resolved": "https://registry.npmjs.org/json-stringify-safe/-/json-stringify-safe-5.0.1.tgz",
      "integrity": "sha512-ZClg6AaYvamvYEE82d3Iyd3vSSIjQ+odgjaTzRuO3s7toCdFKczob2i0zCh7JE8kWn17yvAWhUVxvqGwUalsRA==",
      "license": "ISC"
    },
    "node_modules/jsonist": {
      "version": "0.1.1",
      "resolved": "https://registry.npmjs.org/jsonist/-/jsonist-0.1.1.tgz",
      "integrity": "sha512-qlOaJt1FQCeLILpoZwaf6D5yiOuENTxZxIMIs4B94AjR9VyCxfS7cFrAP2qoDnQmJrluxFHWq6A1ox5nIKuQaQ==",
      "license": "MIT",
      "dependencies": {
        "bl": "^0.7.0",
        "hyperquest": "~0.3.0",
        "json-stringify-safe": "~5.0.0"
      }
    },
    "node_modules/lodash._isnative": {
      "version": "2.4.1",
      "resolved": "https://registry.npmjs.org/lodash._isnative/-/lodash._isnative-2.4.1.tgz",
      "integrity": "sha512-BOlKGKNHhCHswGOWtmVb5zBygyxN7EmTuzVOSQI6QSoGhG+kvv71gICFS1TBpnqvT1n53txK8CDK3u5D2/GZxQ==",
      "license": "MIT"
    },
    "node_modules/lodash.isarray": {
      "version": "2.4.1",
      "resolved": "https://registry.npmjs.org/lodash.isarray/-/lodash.isarray-2.4.1.tgz",
      "integrity": "sha512-yRDd0z+APziDqbk0MqR6Qfwj/Qn3jLxFJbI9U8MuvdTnqIXdZ5YXyGLnwuzCpZmjr26F1GNOjKLMMZ10i/wy6A==",
      "license": "MIT",
      "dependencies": {
        "lodash._isnative": "~2.4.1"
      }
    },
    "node_modules/mediacrush": {
      "version": "0.1.2",
      "resolved": "https://registry.npmjs.org/mediacrush/-/mediacrush-0.1.2.tgz",
      "integrity": "sha512-ulv9aWc9s509L7NT8yPqr2XQ4cXAClTn+H2P7K35nHXNgCA3LSi6G/h/r7apgtsaQ6bH/Uj6tOdkvqqFY5HAtQ==",
      "license": "MIT",
      "dependencies": {
        "concat-stream": "^1.4.4",
        "hyperquest": "^0.3.0",
        "jsonist": "^0.1.1",
        "lodash.isarray": "^2.4.1"
      }
    },
    "node_modules/minimist": {
      "version": "1.2.8",
      "resolved": "https://registry.npmjs.org/minimist/-/minimist-1.2.8.tgz",
      "integrity": "sha512-2yyAR8qBkN3YuheJanUpWC5U3bb5osDywNB8RzDVlDwDHbocAJveqqj1u8+SVD7jkWT4yvsHCpWqqWqAxb0zCA==",
      "license": "MIT",
      "funding": {
        "url": "https://github.com/sponsors/ljharb"
      }
    },
    "node_modules/process-nextick-args": {
      "version": "2.0.1",
      "resolved": "https://registry.npmjs.org/process-nextick-args/-/process-nextick-args-2.0.1.tgz",
      "integrity": "sha512-3ouUOpQhtgrbOa17J7+uxOTpITYWaGP7/AhoR3+A+/1e9skrzelGi/dXzEYyvbxubEF6Wn2ypscTKiKJFFn1ag==",
      "license": "MIT"
    },
    "node_modules/readable-stream": {
      "version": "2.3.8",
      "resolved": "https://registry.npmjs.org/readable-stream/-/readable-stream-2.3.8.tgz",
      "integrity": "sha512-8p0AUk4XODgIewSi0l8Epjs+EVnWiK7NoDIEGU0HhE7+ZyY8D1IMY7odu5lRrFXGg71L15KG8QrPmum45RTtdA==",
      "license": "MIT",
      "dependencies": {
        "core-util-is": "~1.0.0",
        "inherits": "~2.0.3",
        "isarray": "~1.0.0",
        "process-nextick-args": "~2.0.0",
        "safe-buffer": "~5.1.1",
        "string_decoder": "~1.1.1",
        "util-deprecate": "~1.0.1"
      }
    },
    "node_modules/safe-buffer": {
      "version": "5.1.2",
      "resolved": "https://registry.npmjs.org/safe-buffer/-/safe-buffer-5.1.2.tgz",
      "integrity": "sha512-Gd2UZBJDkXlY7GbJxfsE8/nvKkUEU1G38c1siN6QP6a9PT9MmHB8GnpscSmMJSoF8LOIrt8ud/wPtojys4G6+g==",
      "license": "MIT"
    },
    "node_modules/stream-browserify": {
      "version": "3.0.0",
      "resolved": "https://registry.npmjs.org/stream-browserify/-/stream-browserify-3.0.0.tgz",
      "integrity": "sha512-H73RAHsVBapbim0tU2JwwOiXUj+fikfiaoYAKHF3VJfA0pe2BCzkhAHBlLG6REzE+2WNZcxOXjK7lkso+9euLA==",
      "license": "MIT",
      "peer": true,
      "dependencies": {
        "inherits": "~2.0.4",
        "readable-stream": "^3.5.0"
      }
    },
    "node_modules/stream-browserify/node_modules/readable-stream": {
      "version": "3.6.2",
      "resolved": "https://registry.npmjs.org/readable-stream/-/readable-stream-3.6.2.tgz",
      "integrity": "sha512-9u/sniCrY3D5WdsERHzHE4G2YCXqoG5FTHUiCC4SIbr6XcLZBY05ya9EKjYek9O5xOAwjGq+1JdGBAS7Q9ScoA==",
      "license": "MIT",
      "peer": true,
      "dependencies": {
        "inherits": "^2.0.3",
        "string_decoder": "^1.1.1",
        "util-deprecate": "^1.0.1"
      },
      "engines": {
        "node": ">= 6"
      }
    },
    "node_modules/string_decoder": {
      "version": "1.1.1",
      "resolved": "https://registry.npmjs.org/string_decoder/-/string_decoder-1.1.1.tgz",
      "integrity": "sha512-n/ShnvDi6FHbbVfviro+WojiFzv+s8MPMHBczVePfUpDJLwoLT0ht1l4YwBCbi8pJAveEEdnkHyPyTP/mzRfwg==",
      "license": "MIT",
      "dependencies": {
        "safe-buffer": "~5.1.0"
      }
    },
    "node_modules/through": {
      "version": "2.2.7",
      "resolved": "https://registry.npmjs.org/through/-/through-2.2.7.tgz",
      "integrity": "sha512-JIR0m0ybkmTcR8URann+HbwKmodP+OE8UCbsifQDYMLD5J3em1Cdn3MYPpbEd5elGDwmP98T+WbqP/tvzA5Mjg==",
      "license": "MIT"
    },
    "node_modules/typedarray": {
      "version": "0.0.6",
      "resolved": "https://registry.npmjs.org/typedarray/-/typedarray-0.0.6.tgz",
      "integrity": "sha512-/aCDEGatGvZ2BIk+HmLf4ifCJFwvKFNb9/JeZPMulfgFracn9QFcAf5GO8B/mweUjSoblS5In0cWhqpfs/5PQA==",
      "license": "MIT"
    },
    "node_modules/util-deprecate": {
      "version": "1.0.2",
      "resolved": "https://registry.npmjs.org/util-deprecate/-/util-deprecate-1.0.2.tgz",
      "integrity": "sha512-EPD5q1uXyFxJpCrLnCc1nHnq3gOa6DZBocAIiI2TaSCA7VCJ1UJDMagCzIkXNsUYfD1daK//LTEQ8xiIbrHtcw==",
      "license": "MIT"
    }
  }
}
